{
  "R": {
    "Version": "4.2.2",
    "Repositories": [
      {
        "Name": "RSPM",
        "URL": "https://poisson.mayo.edu/cran/latest"
      },
      {
        "Name": "CRAN",
        "URL": "https://poisson.mayo.edu/cran/latest"
      },
      {
        "Name": "Internal",
        "URL": "https://poisson.mayo.edu/mayo-internal/latest"
      },
      {
        "Name": "Mayo",
        "URL": "http://hsrinf.mayo.edu/activity/s200555"
      }
    ]
  },
  "Packages": {
    "cli": {
      "Package": "cli",
      "Version": "3.6.2",
      "Source": "Repository",
      "Repository": "RSPM",
      "Requirements": [
        "R",
        "utils"
      ],
      "Hash": "1216ac65ac55ec0058a6f75d7ca0fd52"
    },
    "renv": {
      "Package": "renv",
      "Version": "1.0.3",
      "Source": "Repository",
      "Repository": "RSPM",
      "Requirements": [
        "utils"
      ],
      "Hash": "41b847654f567341725473431dd0d5ab"
    },
    "rlang": {
      "Package": "rlang",
      "Version": "1.1.1",
      "Source": "Repository",
      "Repository": "RSPM",
      "Requirements": [
        "R",
        "utils"
      ],
      "Hash": "a85c767b55f0bf9b7ad16c6d7baee5bb"
    },
    "xml2": {
      "Package": "xml2",
      "Version": "1.3.6",
      "Source": "Repository",
      "Repository": "RSPM",
      "Requirements": [
        "R",
        "cli",
        "methods",
        "rlang"
      ],
      "Hash": "1d0336142f4cd25d8d23cd3ba7a8fb61"
    }
  }
}
